
Microsoft Visual Studio Solution File, Format Version 12.00
# Visual Studio Version 17
VisualStudioVersion = 17.3.32929.385
MinimumVisualStudioVersion = 10.0.40219.1
Project("{9A19103F-16F7-4668-BE54-9A1E7A4F7556}") = "TAiO", "TAiO\TAiO.csproj", "{2F840DB5-A2FE-4E08-BCCF-E7F721B13B1F}"
EndProject
Project("{9A19103F-16F7-4668-BE54-9A1E7A4F7556}") = "TAiOTests", "TAiOTests\TAiOTests.csproj", "{B2BD8C75-BBF8-43E4-8ED4-7B6326FA49BE}"
EndProject
Project("{9A19103F-16F7-4668-BE54-9A1E7A4F7556}") = "PerformanceTests", "PerformanceTests\PerformanceTests.csproj", "{40C13110-AB9B-4784-B125-6C6D3FBB343A}"
EndProject
Global
	GlobalSection(SolutionConfigurationPlatforms) = preSolution
		Debug|Any CPU = Debug|Any CPU
		Release|Any CPU = Release|Any CPU
	EndGlobalSection
	GlobalSection(ProjectConfigurationPlatforms) = postSolution
		{2F840DB5-A2FE-4E08-BCCF-E7F721B13B1F}.Debug|Any CPU.ActiveCfg = Debug|Any CPU
		{2F840DB5-A2FE-4E08-BCCF-E7F721B13B1F}.Debug|Any CPU.Build.0 = Debug|Any CPU
		{2F840DB5-A2FE-4E08-BCCF-E7F721B13B1F}.Release|Any CPU.ActiveCfg = Release|Any CPU
		{2F840DB5-A2FE-4E08-BCCF-E7F721B13B1F}.Release|Any CPU.Build.0 = Release|Any CPU
		{B2BD8C75-BBF8-43E4-8ED4-7B6326FA49BE}.Debug|Any CPU.ActiveCfg = Debug|Any CPU
		{B2BD8C75-BBF8-43E4-8ED4-7B6326FA49BE}.Debug|Any CPU.Build.0 = Debug|Any CPU
		{B2BD8C75-BBF8-43E4-8ED4-7B6326FA49BE}.Release|Any CPU.ActiveCfg = Release|Any CPU
		{B2BD8C75-BBF8-43E4-8ED4-7B6326FA49BE}.Release|Any CPU.Build.0 = Release|Any CPU
		{40C13110-AB9B-4784-B125-6C6D3FBB343A}.Debug|Any CPU.ActiveCfg = Debug|Any CPU
		{40C13110-AB9B-4784-B125-6C6D3FBB343A}.Debug|Any CPU.Build.0 = Debug|Any CPU
		{40C13110-AB9B-4784-B125-6C6D3FBB343A}.Release|Any CPU.ActiveCfg = Release|Any CPU
		{40C13110-AB9B-4784-B125-6C6D3FBB343A}.Release|Any CPU.Build.0 = Release|Any CPU
	EndGlobalSection
	GlobalSection(SolutionProperties) = preSolution
		HideSolutionNode = FALSE
	EndGlobalSection
	GlobalSection(ExtensibilityGlobals) = postSolution
		SolutionGuid = {4F427883-5CFF-4970-8375-76985D820D20}
	EndGlobalSection
EndGlobal
